
Microsoft Visual Studio Solution File, Format Version 12.00
# Visual Studio Version 16
VisualStudioVersion = 16.0.30114.105
MinimumVisualStudioVersion = 10.0.40219.1
Project("{8BC9CEB8-8B4A-11D0-8D11-00A0C91BC942}") = "CS221 FINAL PROJECT", "CS221 FINAL PROJECT\CS221 FINAL PROJECT.vcxproj", "{46E5F449-E4A6-498A-8B39-52C635D2A292}"
EndProject
Global
	GlobalSection(SolutionConfigurationPlatforms) = preSolution
		Debug|x64 = Debug|x64
		Debug|x86 = Debug|x86
		Release|x64 = Release|x64
		Release|x86 = Release|x86
	EndGlobalSection
	GlobalSection(ProjectConfigurationPlatforms) = postSolution
		{46E5F449-E4A6-498A-8B39-52C635D2A292}.Debug|x64.ActiveCfg = Debug|x64
		{46E5F449-E4A6-498A-8B39-52C635D2A292}.Debug|x64.Build.0 = Debug|x64
		{46E5F449-E4A6-498A-8B39-52C635D2A292}.Debug|x86.ActiveCfg = Debug|Win32
		{46E5F449-E4A6-498A-8B39-52C635D2A292}.Debug|x86.Build.0 = Debug|Win32
		{46E5F449-E4A6-498A-8B39-52C635D2A292}.Release|x64.ActiveCfg = Release|x64
		{46E5F449-E4A6-498A-8B39-52C635D2A292}.Release|x64.Build.0 = Release|x64
		{46E5F449-E4A6-498A-8B39-52C635D2A292}.Release|x86.ActiveCfg = Release|Win32
		{46E5F449-E4A6-498A-8B39-52C635D2A292}.Release|x86.Build.0 = Release|Win32
	EndGlobalSection
	GlobalSection(SolutionProperties) = preSolution
		HideSolutionNode = FALSE
	EndGlobalSection
	GlobalSection(ExtensibilityGlobals) = postSolution
		SolutionGuid = {EE58C5B6-7D05-4DAE-96D5-D1AD01BEDBA3}
	EndGlobalSection
EndGlobal
